// !$*UTF8*$!
{
	archiveVersion = 1;
	classes = {
	};
	objectVersion = 52;
	objects = {

/* Begin PBXBuildFile section */
		14239C8924D3395C0007926D /* FacebookCore in Frameworks */ = {isa = PBXBuildFile; productRef = 14239C8824D3395C0007926D /* FacebookCore */; };
		142D3D8024D18FE000DB314A /* gradientMonoTone.fsh in Resources */ = {isa = PBXBuildFile; fileRef = 142D3D7F24D18FE000DB314A /* gradientMonoTone.fsh */; };
		1434654324D344F400B12DA8 /* GIFViewController.xib in Resources */ = {isa = PBXBuildFile; fileRef = 1434654124D344F400B12DA8 /* GIFViewController.xib */; };
		1434654424D344F400B12DA8 /* SecondNoInternetViewController.xib in Resources */ = {isa = PBXBuildFile; fileRef = 1434654224D344F400B12DA8 /* SecondNoInternetViewController.xib */; };
		1434654C24D3459500B12DA8 /* NotificationService.swift in Sources */ = {isa = PBXBuildFile; fileRef = 1434654B24D3459500B12DA8 /* NotificationService.swift */; };
		1434655024D3459500B12DA8 /* OneSignalNotificationServiceExtension.appex in Embed App Extensions */ = {isa = PBXBuildFile; fileRef = 1434654924D3459500B12DA8 /* OneSignalNotificationServiceExtension.appex */; settings = {ATTRIBUTES = (RemoveHeadersOnCopy, ); }; };
		144D580824D40CAF0098E1D7 /* DeviceKit in Frameworks */ = {isa = PBXBuildFile; productRef = 144D580724D40CAF0098E1D7 /* DeviceKit */; };
		147DD8BC24D31E3700FA7DD7 /* Level_7.json in Resources */ = {isa = PBXBuildFile; fileRef = 147DD8B524D31E3700FA7DD7 /* Level_7.json */; };
		147DD8BD24D31E3700FA7DD7 /* Level_6.json in Resources */ = {isa = PBXBuildFile; fileRef = 147DD8B624D31E3700FA7DD7 /* Level_6.json */; };
		147DD8BE24D31E3700FA7DD7 /* Level_8.json in Resources */ = {isa = PBXBuildFile; fileRef = 147DD8B724D31E3700FA7DD7 /* Level_8.json */; };
		147DD8BF24D31E3700FA7DD7 /* Level_10.json in Resources */ = {isa = PBXBuildFile; fileRef = 147DD8B824D31E3700FA7DD7 /* Level_10.json */; };
		147DD8C024D31E3700FA7DD7 /* Level_5.json in Resources */ = {isa = PBXBuildFile; fileRef = 147DD8B924D31E3700FA7DD7 /* Level_5.json */; };
		147DD8C124D31E3700FA7DD7 /* Level_9.json in Resources */ = {isa = PBXBuildFile; fileRef = 147DD8BA24D31E3700FA7DD7 /* Level_9.json */; };
		147DD8C224D31E3700FA7DD7 /* Level_4.json in Resources */ = {isa = PBXBuildFile; fileRef = 147DD8BB24D31E3700FA7DD7 /* Level_4.json */; };
		147DD8C524D338EE00FA7DD7 /* Lottie in Frameworks */ = {isa = PBXBuildFile; productRef = 147DD8C424D338EE00FA7DD7 /* Lottie */; };
		14C9A7A624D33C8A0076B695 /* DifferentServices.swift in Sources */ = {isa = PBXBuildFile; fileRef = 14C9A7A524D33C8A0076B695 /* DifferentServices.swift */; };
		14C9A7AC24D33CD50076B695 /* SecondNoInternetViewController.swift in Sources */ = {isa = PBXBuildFile; fileRef = 14C9A7A924D33CD50076B695 /* SecondNoInternetViewController.swift */; };
		14C9A7AD24D33CD50076B695 /* WebViewController.swift in Sources */ = {isa = PBXBuildFile; fileRef = 14C9A7AA24D33CD50076B695 /* WebViewController.swift */; };
		14C9A7AE24D33CD50076B695 /* GIFViewController.swift in Sources */ = {isa = PBXBuildFile; fileRef = 14C9A7AB24D33CD50076B695 /* GIFViewController.swift */; };
		14C9A7B024D33D0A0076B695 /* no-internet-connection.json in Resources */ = {isa = PBXBuildFile; fileRef = 14C9A7AF24D33D0A0076B695 /* no-internet-connection.json */; };
		14C9A7B724D33D3C0076B695 /* WKweb.storyboard in Resources */ = {isa = PBXBuildFile; fileRef = 14C9A7B624D33D3C0076B695 /* WKweb.storyboard */; };
		14DF6A6624D2A2B0009A5630 /* GameManager.swift in Sources */ = {isa = PBXBuildFile; fileRef = 14DF6A6524D2A2B0009A5630 /* GameManager.swift */; };
		14F1775C24CB094B006463F2 /* AppDelegate.swift in Sources */ = {isa = PBXBuildFile; fileRef = 14F1775B24CB094B006463F2 /* AppDelegate.swift */; };
		14F1776524CB094D006463F2 /* Assets.xcassets in Resources */ = {isa = PBXBuildFile; fileRef = 14F1776424CB094D006463F2 /* Assets.xcassets */; };
		14F1776824CB094D006463F2 /* LaunchScreen.storyboard in Resources */ = {isa = PBXBuildFile; fileRef = 14F1776624CB094D006463F2 /* LaunchScreen.storyboard */; };
		14F1777524CB0A5D006463F2 /* Constants.swift in Sources */ = {isa = PBXBuildFile; fileRef = 14F1776F24CB0A5C006463F2 /* Constants.swift */; };
		14F1777624CB0A5D006463F2 /* VineNode.swift in Sources */ = {isa = PBXBuildFile; fileRef = 14F1777024CB0A5D006463F2 /* VineNode.swift */; };
		14F1777724CB0A5D006463F2 /* Level.swift in Sources */ = {isa = PBXBuildFile; fileRef = 14F1777124CB0A5D006463F2 /* Level.swift */; };
		14F1777824CB0A5D006463F2 /* GameViewController.swift in Sources */ = {isa = PBXBuildFile; fileRef = 14F1777224CB0A5D006463F2 /* GameViewController.swift */; };
		14F1777924CB0A5D006463F2 /* GameScene.swift in Sources */ = {isa = PBXBuildFile; fileRef = 14F1777324CB0A5D006463F2 /* GameScene.swift */; };
		14F1777A24CB0A5D006463F2 /* LevelData.swift in Sources */ = {isa = PBXBuildFile; fileRef = 14F1777424CB0A5D006463F2 /* LevelData.swift */; };
		14F1778824CB0A7E006463F2 /* Particle.sks in Resources */ = {isa = PBXBuildFile; fileRef = 14F1777D24CB0A7E006463F2 /* Particle.sks */; };
		14F1778924CB0A7E006463F2 /* Particle@2x.png in Resources */ = {isa = PBXBuildFile; fileRef = 14F1777E24CB0A7E006463F2 /* Particle@2x.png */; };
		14F1778A24CB0A7E006463F2 /* Particle.png in Resources */ = {isa = PBXBuildFile; fileRef = 14F1777F24CB0A7E006463F2 /* Particle.png */; };
		14F1778B24CB0A7E006463F2 /* CheeZeeJungle.caf in Resources */ = {isa = PBXBuildFile; fileRef = 14F1778124CB0A7E006463F2 /* CheeZeeJungle.caf */; };
		14F1778C24CB0A7E006463F2 /* NomNom.caf in Resources */ = {isa = PBXBuildFile; fileRef = 14F1778224CB0A7E006463F2 /* NomNom.caf */; };
		14F1778D24CB0A7E006463F2 /* Slice.caf in Resources */ = {isa = PBXBuildFile; fileRef = 14F1778324CB0A7E006463F2 /* Slice.caf */; };
		14F1778E24CB0A7E006463F2 /* Splash.caf in Resources */ = {isa = PBXBuildFile; fileRef = 14F1778424CB0A7E006463F2 /* Splash.caf */; };
		14F1778F24CB0A7E006463F2 /* Level_1.json in Resources */ = {isa = PBXBuildFile; fileRef = 14F1778724CB0A7E006463F2 /* Level_1.json */; };
		14F1779A24CB192A006463F2 /* Level_2.json in Resources */ = {isa = PBXBuildFile; fileRef = 14F1779924CB192A006463F2 /* Level_2.json */; };
		14FEE46D24CB2D1F00C47B75 /* Level_3.json in Resources */ = {isa = PBXBuildFile; fileRef = 14FEE46C24CB2D1F00C47B75 /* Level_3.json */; };
		14FEE47124CEAD8400C47B75 /* WelcomeViewController.swift in Sources */ = {isa = PBXBuildFile; fileRef = 14FEE47024CEAD8300C47B75 /* WelcomeViewController.swift */; };
		14FEE47B24CEAE0C00C47B75 /* Extension+DispatchQueue.swift in Sources */ = {isa = PBXBuildFile; fileRef = 14FEE47324CEAE0C00C47B75 /* Extension+DispatchQueue.swift */; };
		14FEE47C24CEAE0C00C47B75 /* Extension+URL.swift in Sources */ = {isa = PBXBuildFile; fileRef = 14FEE47424CEAE0C00C47B75 /* Extension+URL.swift */; };
		14FEE47D24CEAE0C00C47B75 /* Extensions+Game.swift in Sources */ = {isa = PBXBuildFile; fileRef = 14FEE47524CEAE0C00C47B75 /* Extensions+Game.swift */; };
		14FEE47F24CEAE0C00C47B75 /* Extension+Collection.swift in Sources */ = {isa = PBXBuildFile; fileRef = 14FEE47724CEAE0C00C47B75 /* Extension+Collection.swift */; };
		14FEE48024CEAE0C00C47B75 /* Extension+UIView.swift in Sources */ = {isa = PBXBuildFile; fileRef = 14FEE47824CEAE0C00C47B75 /* Extension+UIView.swift */; };
		14FEE48124CEAE0C00C47B75 /* Extension+WKWebView.swift in Sources */ = {isa = PBXBuildFile; fileRef = 14FEE47924CEAE0C00C47B75 /* Extension+WKWebView.swift */; };
		14FEE48224CEAE0C00C47B75 /* ReachabilityObserverDelegate.swift in Sources */ = {isa = PBXBuildFile; fileRef = 14FEE47A24CEAE0C00C47B75 /* ReachabilityObserverDelegate.swift */; };
		14FEE48524CEB01D00C47B75 /* Reachability in Frameworks */ = {isa = PBXBuildFile; productRef = 14FEE48424CEB01D00C47B75 /* Reachability */; };
		14FEE48724CEB16B00C47B75 /* SceneManager.swift in Sources */ = {isa = PBXBuildFile; fileRef = 14FEE48624CEB16B00C47B75 /* SceneManager.swift */; };
		14FEE48924CEB22300C47B75 /* MainScene.swift in Sources */ = {isa = PBXBuildFile; fileRef = 14FEE48824CEB22300C47B75 /* MainScene.swift */; };
		14FEE48C24CEB63500C47B75 /* AudioVibroManager.swift in Sources */ = {isa = PBXBuildFile; fileRef = 14FEE48B24CEB63500C47B75 /* AudioVibroManager.swift */; };
		14FEE49324CEB73000C47B75 /* TopScoreScene.swift in Sources */ = {isa = PBXBuildFile; fileRef = 14FEE48F24CEB73000C47B75 /* TopScoreScene.swift */; };
		14FEE49424CEB73000C47B75 /* WinLevelScene.swift in Sources */ = {isa = PBXBuildFile; fileRef = 14FEE49024CEB73000C47B75 /* WinLevelScene.swift */; };
		14FEE49524CEB73000C47B75 /* EndChapterScene.swift in Sources */ = {isa = PBXBuildFile; fileRef = 14FEE49124CEB73000C47B75 /* EndChapterScene.swift */; };
		14FEE49624CEB73000C47B75 /* GameSettingsScene.swift in Sources */ = {isa = PBXBuildFile; fileRef = 14FEE49224CEB73000C47B75 /* GameSettingsScene.swift */; };
		14FEE49924CEBCB000C47B75 /* Infobar.swift in Sources */ = {isa = PBXBuildFile; fileRef = 14FEE49724CEBCAF00C47B75 /* Infobar.swift */; };
		4FACC5027DFD27EC1E33E6A6 /* Pods_Wolf_Treasure_Adventure.framework in Frameworks */ = {isa = PBXBuildFile; fileRef = 130188B53BE1B735F18CC61A /* Pods_Wolf_Treasure_Adventure.framework */; };
		776CFFCE24CCEA3A0007CF2C /* WoodNode.swift in Sources */ = {isa = PBXBuildFile; fileRef = 776CFFCD24CCEA3A0007CF2C /* WoodNode.swift */; };
		77E0563824D6FB3000F860BB /* Rain.sks in Resources */ = {isa = PBXBuildFile; fileRef = 77E0563724D6FB3000F860BB /* Rain.sks */; };
		991216C6D137343A0557DE99 /* Pods_OneSignalNotificationServiceExtension.framework in Frameworks */ = {isa = PBXBuildFile; fileRef = C02E3AEF48797FF40ADDBDA5 /* Pods_OneSignalNotificationServiceExtension.framework */; };
/* End PBXBuildFile section */

/* Begin PBXContainerItemProxy section */
		1434654E24D3459500B12DA8 /* PBXContainerItemProxy */ = {
			isa = PBXContainerItemProxy;
			containerPortal = 14F1775024CB094B006463F2 /* Project object */;
			proxyType = 1;
			remoteGlobalIDString = 1434654824D3459500B12DA8;
			remoteInfo = OneSignalNotificationServiceExtension;
		};
/* End PBXContainerItemProxy section */

/* Begin PBXCopyFilesBuildPhase section */
		1434655424D3459500B12DA8 /* Embed App Extensions */ = {
			isa = PBXCopyFilesBuildPhase;
			buildActionMask = 2147483647;
			dstPath = "";
			dstSubfolderSpec = 13;
			files = (
				1434655024D3459500B12DA8 /* OneSignalNotificationServiceExtension.appex in Embed App Extensions */,
			);
			name = "Embed App Extensions";
			runOnlyForDeploymentPostprocessing = 0;
		};
/* End PBXCopyFilesBuildPhase section */

/* Begin PBXFileReference section */
		130188B53BE1B735F18CC61A /* Pods_Wolf_Treasure_Adventure.framework */ = {isa = PBXFileReference; explicitFileType = wrapper.framework; includeInIndex = 0; path = Pods_Wolf_Treasure_Adventure.framework; sourceTree = BUILT_PRODUCTS_DIR; };
		142D3D7F24D18FE000DB314A /* gradientMonoTone.fsh */ = {isa = PBXFileReference; fileEncoding = 4; lastKnownFileType = sourcecode.glsl; path = gradientMonoTone.fsh; sourceTree = "<group>"; };
		1434654124D344F400B12DA8 /* GIFViewController.xib */ = {isa = PBXFileReference; fileEncoding = 4; lastKnownFileType = file.xib; path = GIFViewController.xib; sourceTree = "<group>"; };
		1434654224D344F400B12DA8 /* SecondNoInternetViewController.xib */ = {isa = PBXFileReference; fileEncoding = 4; lastKnownFileType = file.xib; path = SecondNoInternetViewController.xib; sourceTree = "<group>"; };
		1434654924D3459500B12DA8 /* OneSignalNotificationServiceExtension.appex */ = {isa = PBXFileReference; explicitFileType = "wrapper.app-extension"; includeInIndex = 0; path = OneSignalNotificationServiceExtension.appex; sourceTree = BUILT_PRODUCTS_DIR; };
		1434654B24D3459500B12DA8 /* NotificationService.swift */ = {isa = PBXFileReference; lastKnownFileType = sourcecode.swift; path = NotificationService.swift; sourceTree = "<group>"; };
		1434654D24D3459500B12DA8 /* Info.plist */ = {isa = PBXFileReference; lastKnownFileType = text.plist.xml; path = Info.plist; sourceTree = "<group>"; };
		1434655524D3462600B12DA8 /* Wolf Treasure Adventure.entitlements */ = {isa = PBXFileReference; lastKnownFileType = text.plist.entitlements; path = "Wolf Treasure Adventure.entitlements"; sourceTree = "<group>"; };
		147DD8B524D31E3700FA7DD7 /* Level_7.json */ = {isa = PBXFileReference; fileEncoding = 4; lastKnownFileType = text.json; path = Level_7.json; sourceTree = "<group>"; };
		147DD8B624D31E3700FA7DD7 /* Level_6.json */ = {isa = PBXFileReference; fileEncoding = 4; lastKnownFileType = text.json; path = Level_6.json; sourceTree = "<group>"; };
		147DD8B724D31E3700FA7DD7 /* Level_8.json */ = {isa = PBXFileReference; fileEncoding = 4; lastKnownFileType = text.json; path = Level_8.json; sourceTree = "<group>"; };
		147DD8B824D31E3700FA7DD7 /* Level_10.json */ = {isa = PBXFileReference; fileEncoding = 4; lastKnownFileType = text.json; path = Level_10.json; sourceTree = "<group>"; };
		147DD8B924D31E3700FA7DD7 /* Level_5.json */ = {isa = PBXFileReference; fileEncoding = 4; lastKnownFileType = text.json; path = Level_5.json; sourceTree = "<group>"; };
		147DD8BA24D31E3700FA7DD7 /* Level_9.json */ = {isa = PBXFileReference; fileEncoding = 4; lastKnownFileType = text.json; path = Level_9.json; sourceTree = "<group>"; };
		147DD8BB24D31E3700FA7DD7 /* Level_4.json */ = {isa = PBXFileReference; fileEncoding = 4; lastKnownFileType = text.json; path = Level_4.json; sourceTree = "<group>"; };
		14C9A7A524D33C8A0076B695 /* DifferentServices.swift */ = {isa = PBXFileReference; fileEncoding = 4; lastKnownFileType = sourcecode.swift; path = DifferentServices.swift; sourceTree = "<group>"; };
		14C9A7A924D33CD50076B695 /* SecondNoInternetViewController.swift */ = {isa = PBXFileReference; fileEncoding = 4; lastKnownFileType = sourcecode.swift; path = SecondNoInternetViewController.swift; sourceTree = "<group>"; };
		14C9A7AA24D33CD50076B695 /* WebViewController.swift */ = {isa = PBXFileReference; fileEncoding = 4; lastKnownFileType = sourcecode.swift; path = WebViewController.swift; sourceTree = "<group>"; };
		14C9A7AB24D33CD50076B695 /* GIFViewController.swift */ = {isa = PBXFileReference; fileEncoding = 4; lastKnownFileType = sourcecode.swift; path = GIFViewController.swift; sourceTree = "<group>"; };
		14C9A7AF24D33D0A0076B695 /* no-internet-connection.json */ = {isa = PBXFileReference; fileEncoding = 4; lastKnownFileType = text.json; path = "no-internet-connection.json"; sourceTree = "<group>"; };
		14C9A7B624D33D3C0076B695 /* WKweb.storyboard */ = {isa = PBXFileReference; fileEncoding = 4; lastKnownFileType = file.storyboard; path = WKweb.storyboard; sourceTree = "<group>"; };
		14DF6A6524D2A2B0009A5630 /* GameManager.swift */ = {isa = PBXFileReference; lastKnownFileType = sourcecode.swift; path = GameManager.swift; sourceTree = "<group>"; };
		14F1775824CB094B006463F2 /* Wolf Treasure Adventure.app */ = {isa = PBXFileReference; explicitFileType = wrapper.application; includeInIndex = 0; path = "Wolf Treasure Adventure.app"; sourceTree = BUILT_PRODUCTS_DIR; };
		14F1775B24CB094B006463F2 /* AppDelegate.swift */ = {isa = PBXFileReference; lastKnownFileType = sourcecode.swift; path = AppDelegate.swift; sourceTree = "<group>"; };
		14F1776424CB094D006463F2 /* Assets.xcassets */ = {isa = PBXFileReference; lastKnownFileType = folder.assetcatalog; path = Assets.xcassets; sourceTree = "<group>"; };
		14F1776724CB094D006463F2 /* Base */ = {isa = PBXFileReference; lastKnownFileType = file.storyboard; name = Base; path = Base.lproj/LaunchScreen.storyboard; sourceTree = "<group>"; };
		14F1776924CB094D006463F2 /* Info.plist */ = {isa = PBXFileReference; lastKnownFileType = text.plist.xml; path = Info.plist; sourceTree = "<group>"; };
		14F1776F24CB0A5C006463F2 /* Constants.swift */ = {isa = PBXFileReference; fileEncoding = 4; lastKnownFileType = sourcecode.swift; path = Constants.swift; sourceTree = "<group>"; };
		14F1777024CB0A5D006463F2 /* VineNode.swift */ = {isa = PBXFileReference; fileEncoding = 4; lastKnownFileType = sourcecode.swift; path = VineNode.swift; sourceTree = "<group>"; };
		14F1777124CB0A5D006463F2 /* Level.swift */ = {isa = PBXFileReference; fileEncoding = 4; lastKnownFileType = sourcecode.swift; path = Level.swift; sourceTree = "<group>"; };
		14F1777224CB0A5D006463F2 /* GameViewController.swift */ = {isa = PBXFileReference; fileEncoding = 4; lastKnownFileType = sourcecode.swift; path = GameViewController.swift; sourceTree = "<group>"; };
		14F1777324CB0A5D006463F2 /* GameScene.swift */ = {isa = PBXFileReference; fileEncoding = 4; lastKnownFileType = sourcecode.swift; path = GameScene.swift; sourceTree = "<group>"; };
		14F1777424CB0A5D006463F2 /* LevelData.swift */ = {isa = PBXFileReference; fileEncoding = 4; lastKnownFileType = sourcecode.swift; path = LevelData.swift; sourceTree = "<group>"; };
		14F1777D24CB0A7E006463F2 /* Particle.sks */ = {isa = PBXFileReference; lastKnownFileType = file.sks; path = Particle.sks; sourceTree = "<group>"; };
		14F1777E24CB0A7E006463F2 /* Particle@2x.png */ = {isa = PBXFileReference; lastKnownFileType = image.png; path = "Particle@2x.png"; sourceTree = "<group>"; };
		14F1777F24CB0A7E006463F2 /* Particle.png */ = {isa = PBXFileReference; lastKnownFileType = image.png; path = Particle.png; sourceTree = "<group>"; };
		14F1778124CB0A7E006463F2 /* CheeZeeJungle.caf */ = {isa = PBXFileReference; lastKnownFileType = file; path = CheeZeeJungle.caf; sourceTree = "<group>"; };
		14F1778224CB0A7E006463F2 /* NomNom.caf */ = {isa = PBXFileReference; lastKnownFileType = file; path = NomNom.caf; sourceTree = "<group>"; };
		14F1778324CB0A7E006463F2 /* Slice.caf */ = {isa = PBXFileReference; lastKnownFileType = file; path = Slice.caf; sourceTree = "<group>"; };
		14F1778424CB0A7E006463F2 /* Splash.caf */ = {isa = PBXFileReference; lastKnownFileType = file; path = Splash.caf; sourceTree = "<group>"; };
		14F1778724CB0A7E006463F2 /* Level_1.json */ = {isa = PBXFileReference; fileEncoding = 4; lastKnownFileType = text.json; path = Level_1.json; sourceTree = "<group>"; };
		14F1779924CB192A006463F2 /* Level_2.json */ = {isa = PBXFileReference; fileEncoding = 4; lastKnownFileType = text.json; path = Level_2.json; sourceTree = "<group>"; };
		14FEE46C24CB2D1F00C47B75 /* Level_3.json */ = {isa = PBXFileReference; fileEncoding = 4; lastKnownFileType = text.json; path = Level_3.json; sourceTree = "<group>"; };
		14FEE47024CEAD8300C47B75 /* WelcomeViewController.swift */ = {isa = PBXFileReference; fileEncoding = 4; lastKnownFileType = sourcecode.swift; path = WelcomeViewController.swift; sourceTree = "<group>"; };
		14FEE47324CEAE0C00C47B75 /* Extension+DispatchQueue.swift */ = {isa = PBXFileReference; fileEncoding = 4; lastKnownFileType = sourcecode.swift; path = "Extension+DispatchQueue.swift"; sourceTree = "<group>"; };
		14FEE47424CEAE0C00C47B75 /* Extension+URL.swift */ = {isa = PBXFileReference; fileEncoding = 4; lastKnownFileType = sourcecode.swift; path = "Extension+URL.swift"; sourceTree = "<group>"; };
		14FEE47524CEAE0C00C47B75 /* Extensions+Game.swift */ = {isa = PBXFileReference; fileEncoding = 4; lastKnownFileType = sourcecode.swift; path = "Extensions+Game.swift"; sourceTree = "<group>"; };
		14FEE47724CEAE0C00C47B75 /* Extension+Collection.swift */ = {isa = PBXFileReference; fileEncoding = 4; lastKnownFileType = sourcecode.swift; path = "Extension+Collection.swift"; sourceTree = "<group>"; };
		14FEE47824CEAE0C00C47B75 /* Extension+UIView.swift */ = {isa = PBXFileReference; fileEncoding = 4; lastKnownFileType = sourcecode.swift; path = "Extension+UIView.swift"; sourceTree = "<group>"; };
		14FEE47924CEAE0C00C47B75 /* Extension+WKWebView.swift */ = {isa = PBXFileReference; fileEncoding = 4; lastKnownFileType = sourcecode.swift; path = "Extension+WKWebView.swift"; sourceTree = "<group>"; };
		14FEE47A24CEAE0C00C47B75 /* ReachabilityObserverDelegate.swift */ = {isa = PBXFileReference; fileEncoding = 4; lastKnownFileType = sourcecode.swift; path = ReachabilityObserverDelegate.swift; sourceTree = "<group>"; };
		14FEE48624CEB16B00C47B75 /* SceneManager.swift */ = {isa = PBXFileReference; lastKnownFileType = sourcecode.swift; path = SceneManager.swift; sourceTree = "<group>"; };
		14FEE48824CEB22300C47B75 /* MainScene.swift */ = {isa = PBXFileReference; lastKnownFileType = sourcecode.swift; path = MainScene.swift; sourceTree = "<group>"; };
		14FEE48B24CEB63500C47B75 /* AudioVibroManager.swift */ = {isa = PBXFileReference; fileEncoding = 4; lastKnownFileType = sourcecode.swift; path = AudioVibroManager.swift; sourceTree = "<group>"; };
		14FEE48F24CEB73000C47B75 /* TopScoreScene.swift */ = {isa = PBXFileReference; fileEncoding = 4; lastKnownFileType = sourcecode.swift; path = TopScoreScene.swift; sourceTree = "<group>"; };
		14FEE49024CEB73000C47B75 /* WinLevelScene.swift */ = {isa = PBXFileReference; fileEncoding = 4; lastKnownFileType = sourcecode.swift; path = WinLevelScene.swift; sourceTree = "<group>"; };
		14FEE49124CEB73000C47B75 /* EndChapterScene.swift */ = {isa = PBXFileReference; fileEncoding = 4; lastKnownFileType = sourcecode.swift; path = EndChapterScene.swift; sourceTree = "<group>"; };
		14FEE49224CEB73000C47B75 /* GameSettingsScene.swift */ = {isa = PBXFileReference; fileEncoding = 4; lastKnownFileType = sourcecode.swift; path = GameSettingsScene.swift; sourceTree = "<group>"; };
		14FEE49724CEBCAF00C47B75 /* Infobar.swift */ = {isa = PBXFileReference; fileEncoding = 4; lastKnownFileType = sourcecode.swift; path = Infobar.swift; sourceTree = "<group>"; };
		46E3545895A3C0B58F180196 /* Pods-OneSignalNotificationServiceExtension.debug.xcconfig */ = {isa = PBXFileReference; includeInIndex = 1; lastKnownFileType = text.xcconfig; name = "Pods-OneSignalNotificationServiceExtension.debug.xcconfig"; path = "Target Support Files/Pods-OneSignalNotificationServiceExtension/Pods-OneSignalNotificationServiceExtension.debug.xcconfig"; sourceTree = "<group>"; };
		50B3F7F90645524B6F4FAD8B /* Pods-OneSignalNotificationServiceExtension.release.xcconfig */ = {isa = PBXFileReference; includeInIndex = 1; lastKnownFileType = text.xcconfig; name = "Pods-OneSignalNotificationServiceExtension.release.xcconfig"; path = "Target Support Files/Pods-OneSignalNotificationServiceExtension/Pods-OneSignalNotificationServiceExtension.release.xcconfig"; sourceTree = "<group>"; };
		776CFFCD24CCEA3A0007CF2C /* WoodNode.swift */ = {isa = PBXFileReference; lastKnownFileType = sourcecode.swift; path = WoodNode.swift; sourceTree = "<group>"; };
		77E0563724D6FB3000F860BB /* Rain.sks */ = {isa = PBXFileReference; lastKnownFileType = file.sks; path = Rain.sks; sourceTree = "<group>"; };
		7A3137E08D9197848BCEB45A /* Pods-Wolf Treasure Adventure.release.xcconfig */ = {isa = PBXFileReference; includeInIndex = 1; lastKnownFileType = text.xcconfig; name = "Pods-Wolf Treasure Adventure.release.xcconfig"; path = "Target Support Files/Pods-Wolf Treasure Adventure/Pods-Wolf Treasure Adventure.release.xcconfig"; sourceTree = "<group>"; };
		AEEE514FC5EFBC9BDDDA8EB8 /* Pods-Wolf Treasure Adventure.debug.xcconfig */ = {isa = PBXFileReference; includeInIndex = 1; lastKnownFileType = text.xcconfig; name = "Pods-Wolf Treasure Adventure.debug.xcconfig"; path = "Target Support Files/Pods-Wolf Treasure Adventure/Pods-Wolf Treasure Adventure.debug.xcconfig"; sourceTree = "<group>"; };
		C02E3AEF48797FF40ADDBDA5 /* Pods_OneSignalNotificationServiceExtension.framework */ = {isa = PBXFileReference; explicitFileType = wrapper.framework; includeInIndex = 0; path = Pods_OneSignalNotificationServiceExtension.framework; sourceTree = BUILT_PRODUCTS_DIR; };
/* End PBXFileReference section */

/* Begin PBXFrameworksBuildPhase section */
		1434654624D3459500B12DA8 /* Frameworks */ = {
			isa = PBXFrameworksBuildPhase;
			buildActionMask = 2147483647;
			files = (
				991216C6D137343A0557DE99 /* Pods_OneSignalNotificationServiceExtension.framework in Frameworks */,
			);
			runOnlyForDeploymentPostprocessing = 0;
		};
		14F1775524CB094B006463F2 /* Frameworks */ = {
			isa = PBXFrameworksBuildPhase;
			buildActionMask = 2147483647;
			files = (
				14FEE48524CEB01D00C47B75 /* Reachability in Frameworks */,
				144D580824D40CAF0098E1D7 /* DeviceKit in Frameworks */,
				147DD8C524D338EE00FA7DD7 /* Lottie in Frameworks */,
				14239C8924D3395C0007926D /* FacebookCore in Frameworks */,
				4FACC5027DFD27EC1E33E6A6 /* Pods_Wolf_Treasure_Adventure.framework in Frameworks */,
			);
			runOnlyForDeploymentPostprocessing = 0;
		};
/* End PBXFrameworksBuildPhase section */

/* Begin PBXGroup section */
		1434654024D344F400B12DA8 /* Xib */ = {
			isa = PBXGroup;
			children = (
				1434654124D344F400B12DA8 /* GIFViewController.xib */,
				1434654224D344F400B12DA8 /* SecondNoInternetViewController.xib */,
			);
			path = Xib;
			sourceTree = "<group>";
		};
		1434654A24D3459500B12DA8 /* OneSignalNotificationServiceExtension */ = {
			isa = PBXGroup;
			children = (
				1434654B24D3459500B12DA8 /* NotificationService.swift */,
				1434654D24D3459500B12DA8 /* Info.plist */,
			);
			path = OneSignalNotificationServiceExtension;
			sourceTree = "<group>";
		};
		14C9A7A724D33CA50076B695 /* Game */ = {
			isa = PBXGroup;
			children = (
				14F1779824CB0EDE006463F2 /* Scene */,
				14F1779524CB0E11006463F2 /* GameViewController */,
			);
			path = Game;
			sourceTree = "<group>";
		};
		14C9A7A824D33CD50076B695 /* Web */ = {
			isa = PBXGroup;
			children = (
				14C9A7A924D33CD50076B695 /* SecondNoInternetViewController.swift */,
				14C9A7AA24D33CD50076B695 /* WebViewController.swift */,
				14C9A7AB24D33CD50076B695 /* GIFViewController.swift */,
			);
			path = Web;
			sourceTree = "<group>";
		};
		14F1774F24CB094B006463F2 = {
			isa = PBXGroup;
			children = (
				14F1775A24CB094B006463F2 /* Wolf Treasure Adventure */,
				1434654A24D3459500B12DA8 /* OneSignalNotificationServiceExtension */,
				14F1775924CB094B006463F2 /* Products */,
				EB7B3BCC7CA520B56F7E6C7E /* Pods */,
				CCBC012AE362C851B5B82653 /* Frameworks */,
			);
			sourceTree = "<group>";
		};
		14F1775924CB094B006463F2 /* Products */ = {
			isa = PBXGroup;
			children = (
				14F1775824CB094B006463F2 /* Wolf Treasure Adventure.app */,
				1434654924D3459500B12DA8 /* OneSignalNotificationServiceExtension.appex */,
			);
			name = Products;
			sourceTree = "<group>";
		};
		14F1775A24CB094B006463F2 /* Wolf Treasure Adventure */ = {
			isa = PBXGroup;
			children = (
				1434655524D3462600B12DA8 /* Wolf Treasure Adventure.entitlements */,
				14F1776924CB094D006463F2 /* Info.plist */,
				14F1779024CB0D1A006463F2 /* App */,
				14F1779624CB0E44006463F2 /* View */,
				14F1779424CB0DFE006463F2 /* Controller */,
				14F1779124CB0D60006463F2 /* Model */,
				14F1777B24CB0A7E006463F2 /* Resources */,
			);
			path = "Wolf Treasure Adventure";
			sourceTree = "<group>";
		};
		14F1777B24CB0A7E006463F2 /* Resources */ = {
			isa = PBXGroup;
			children = (
				14F1776424CB094D006463F2 /* Assets.xcassets */,
				14F1777C24CB0A7E006463F2 /* Particles */,
				14F1778024CB0A7E006463F2 /* Sounds */,
				14C9A7AF24D33D0A0076B695 /* no-internet-connection.json */,
			);
			path = Resources;
			sourceTree = "<group>";
		};
		14F1777C24CB0A7E006463F2 /* Particles */ = {
			isa = PBXGroup;
			children = (
				77E0563724D6FB3000F860BB /* Rain.sks */,
				14F1777D24CB0A7E006463F2 /* Particle.sks */,
				14F1777E24CB0A7E006463F2 /* Particle@2x.png */,
				14F1777F24CB0A7E006463F2 /* Particle.png */,
				142D3D7F24D18FE000DB314A /* gradientMonoTone.fsh */,
			);
			path = Particles;
			sourceTree = "<group>";
		};
		14F1778024CB0A7E006463F2 /* Sounds */ = {
			isa = PBXGroup;
			children = (
				14F1778124CB0A7E006463F2 /* CheeZeeJungle.caf */,
				14F1778224CB0A7E006463F2 /* NomNom.caf */,
				14F1778324CB0A7E006463F2 /* Slice.caf */,
				14F1778424CB0A7E006463F2 /* Splash.caf */,
			);
			path = Sounds;
			sourceTree = "<group>";
		};
		14F1779024CB0D1A006463F2 /* App */ = {
			isa = PBXGroup;
			children = (
				14F1775B24CB094B006463F2 /* AppDelegate.swift */,
				14C9A7A524D33C8A0076B695 /* DifferentServices.swift */,
				14FEE47224CEAE0C00C47B75 /* Library */,
				14FEE47A24CEAE0C00C47B75 /* ReachabilityObserverDelegate.swift */,
			);
			path = App;
			sourceTree = "<group>";
		};
		14F1779124CB0D60006463F2 /* Model */ = {
			isa = PBXGroup;
			children = (
				14F1779324CB0D8A006463F2 /* GameModel */,
				14F1779224CB0D7C006463F2 /* Levels */,
			);
			path = Model;
			sourceTree = "<group>";
		};
		14F1779224CB0D7C006463F2 /* Levels */ = {
			isa = PBXGroup;
			children = (
				14F1778724CB0A7E006463F2 /* Level_1.json */,
				14F1779924CB192A006463F2 /* Level_2.json */,
				14FEE46C24CB2D1F00C47B75 /* Level_3.json */,
				147DD8BB24D31E3700FA7DD7 /* Level_4.json */,
				147DD8B924D31E3700FA7DD7 /* Level_5.json */,
				147DD8B624D31E3700FA7DD7 /* Level_6.json */,
				147DD8B524D31E3700FA7DD7 /* Level_7.json */,
				147DD8B724D31E3700FA7DD7 /* Level_8.json */,
				147DD8BA24D31E3700FA7DD7 /* Level_9.json */,
				147DD8B824D31E3700FA7DD7 /* Level_10.json */,
			);
			path = Levels;
			sourceTree = "<group>";
		};
		14F1779324CB0D8A006463F2 /* GameModel */ = {
			isa = PBXGroup;
			children = (
				14F1777024CB0A5D006463F2 /* VineNode.swift */,
				776CFFCD24CCEA3A0007CF2C /* WoodNode.swift */,
				14F1776F24CB0A5C006463F2 /* Constants.swift */,
				14F1777124CB0A5D006463F2 /* Level.swift */,
				14F1777424CB0A5D006463F2 /* LevelData.swift */,
			);
			path = GameModel;
			sourceTree = "<group>";
		};
		14F1779424CB0DFE006463F2 /* Controller */ = {
			isa = PBXGroup;
			children = (
				14C9A7A724D33CA50076B695 /* Game */,
				14C9A7A824D33CD50076B695 /* Web */,
			);
			path = Controller;
			sourceTree = "<group>";
		};
		14F1779524CB0E11006463F2 /* GameViewController */ = {
			isa = PBXGroup;
			children = (
				14FEE47024CEAD8300C47B75 /* WelcomeViewController.swift */,
				14F1777224CB0A5D006463F2 /* GameViewController.swift */,
			);
			path = GameViewController;
			sourceTree = "<group>";
		};
		14F1779624CB0E44006463F2 /* View */ = {
			isa = PBXGroup;
			children = (
				1434654024D344F400B12DA8 /* Xib */,
				14F1779724CB0EA1006463F2 /* Storyboards */,
			);
			path = View;
			sourceTree = "<group>";
		};
		14F1779724CB0EA1006463F2 /* Storyboards */ = {
			isa = PBXGroup;
			children = (
				14C9A7B624D33D3C0076B695 /* WKweb.storyboard */,
				14F1776624CB094D006463F2 /* LaunchScreen.storyboard */,
			);
			path = Storyboards;
			sourceTree = "<group>";
		};
		14F1779824CB0EDE006463F2 /* Scene */ = {
			isa = PBXGroup;
			children = (
				14FEE48A24CEB62400C47B75 /* Managers */,
				14FEE48824CEB22300C47B75 /* MainScene.swift */,
				14F1777324CB0A5D006463F2 /* GameScene.swift */,
				14FEE49224CEB73000C47B75 /* GameSettingsScene.swift */,
				14FEE48F24CEB73000C47B75 /* TopScoreScene.swift */,
				14FEE49024CEB73000C47B75 /* WinLevelScene.swift */,
				14FEE49124CEB73000C47B75 /* EndChapterScene.swift */,
				14FEE49724CEBCAF00C47B75 /* Infobar.swift */,
			);
			path = Scene;
			sourceTree = "<group>";
		};
		14FEE47224CEAE0C00C47B75 /* Library */ = {
			isa = PBXGroup;
			children = (
				14FEE47324CEAE0C00C47B75 /* Extension+DispatchQueue.swift */,
				14FEE47424CEAE0C00C47B75 /* Extension+URL.swift */,
				14FEE47524CEAE0C00C47B75 /* Extensions+Game.swift */,
				14FEE47724CEAE0C00C47B75 /* Extension+Collection.swift */,
				14FEE47824CEAE0C00C47B75 /* Extension+UIView.swift */,
				14FEE47924CEAE0C00C47B75 /* Extension+WKWebView.swift */,
			);
			path = Library;
			sourceTree = "<group>";
		};
		14FEE48A24CEB62400C47B75 /* Managers */ = {
			isa = PBXGroup;
			children = (
				14FEE48B24CEB63500C47B75 /* AudioVibroManager.swift */,
				14FEE48624CEB16B00C47B75 /* SceneManager.swift */,
				14DF6A6524D2A2B0009A5630 /* GameManager.swift */,
			);
			path = Managers;
			sourceTree = "<group>";
		};
		CCBC012AE362C851B5B82653 /* Frameworks */ = {
			isa = PBXGroup;
			children = (
				C02E3AEF48797FF40ADDBDA5 /* Pods_OneSignalNotificationServiceExtension.framework */,
				130188B53BE1B735F18CC61A /* Pods_Wolf_Treasure_Adventure.framework */,
			);
			name = Frameworks;
			sourceTree = "<group>";
		};
		EB7B3BCC7CA520B56F7E6C7E /* Pods */ = {
			isa = PBXGroup;
			children = (
				46E3545895A3C0B58F180196 /* Pods-OneSignalNotificationServiceExtension.debug.xcconfig */,
				50B3F7F90645524B6F4FAD8B /* Pods-OneSignalNotificationServiceExtension.release.xcconfig */,
				AEEE514FC5EFBC9BDDDA8EB8 /* Pods-Wolf Treasure Adventure.debug.xcconfig */,
				7A3137E08D9197848BCEB45A /* Pods-Wolf Treasure Adventure.release.xcconfig */,
			);
			path = Pods;
			sourceTree = "<group>";
		};
/* End PBXGroup section */

/* Begin PBXNativeTarget section */
		1434654824D3459500B12DA8 /* OneSignalNotificationServiceExtension */ = {
			isa = PBXNativeTarget;
			buildConfigurationList = 1434655124D3459500B12DA8 /* Build configuration list for PBXNativeTarget "OneSignalNotificationServiceExtension" */;
			buildPhases = (
				6B427EC844B9589E04D9BC0C /* [CP] Check Pods Manifest.lock */,
				1434654524D3459500B12DA8 /* Sources */,
				1434654624D3459500B12DA8 /* Frameworks */,
				1434654724D3459500B12DA8 /* Resources */,
			);
			buildRules = (
			);
			dependencies = (
			);
			name = OneSignalNotificationServiceExtension;
			productName = OneSignalNotificationServiceExtension;
			productReference = 1434654924D3459500B12DA8 /* OneSignalNotificationServiceExtension.appex */;
			productType = "com.apple.product-type.app-extension";
		};
		14F1775724CB094B006463F2 /* Wolf Treasure Adventure */ = {
			isa = PBXNativeTarget;
			buildConfigurationList = 14F1776C24CB094D006463F2 /* Build configuration list for PBXNativeTarget "Wolf Treasure Adventure" */;
			buildPhases = (
				7936F8AB29F42B97B99344B4 /* [CP] Check Pods Manifest.lock */,
				14F1775424CB094B006463F2 /* Sources */,
				14F1775524CB094B006463F2 /* Frameworks */,
				14F1775624CB094B006463F2 /* Resources */,
				1434655424D3459500B12DA8 /* Embed App Extensions */,
			);
			buildRules = (
			);
			dependencies = (
				1434654F24D3459500B12DA8 /* PBXTargetDependency */,
			);
			name = "Wolf Treasure Adventure";
			packageProductDependencies = (
				14FEE48424CEB01D00C47B75 /* Reachability */,
				147DD8C424D338EE00FA7DD7 /* Lottie */,
				14239C8824D3395C0007926D /* FacebookCore */,
				144D580724D40CAF0098E1D7 /* DeviceKit */,
			);
			productName = "Wolf Treasure Adventure";
			productReference = 14F1775824CB094B006463F2 /* Wolf Treasure Adventure.app */;
			productType = "com.apple.product-type.application";
		};
/* End PBXNativeTarget section */

/* Begin PBXProject section */
		14F1775024CB094B006463F2 /* Project object */ = {
			isa = PBXProject;
			attributes = {
				LastSwiftUpdateCheck = 1160;
				LastUpgradeCheck = 1160;
				ORGANIZATIONNAME = Viktor;
				TargetAttributes = {
					1434654824D3459500B12DA8 = {
						CreatedOnToolsVersion = 11.6;
					};
					14F1775724CB094B006463F2 = {
						CreatedOnToolsVersion = 11.6;
					};
				};
			};
			buildConfigurationList = 14F1775324CB094B006463F2 /* Build configuration list for PBXProject "Wolf Treasure Adventure" */;
			compatibilityVersion = "Xcode 9.3";
			developmentRegion = en;
			hasScannedForEncodings = 0;
			knownRegions = (
				en,
				Base,
			);
			mainGroup = 14F1774F24CB094B006463F2;
			packageReferences = (
				14FEE48324CEB01D00C47B75 /* XCRemoteSwiftPackageReference "Reachability" */,
				147DD8C324D338EE00FA7DD7 /* XCRemoteSwiftPackageReference "lottie-ios" */,
				14239C8724D3395C0007926D /* XCRemoteSwiftPackageReference "facebook-ios-sdk" */,
				144D580624D40CAF0098E1D7 /* XCRemoteSwiftPackageReference "DeviceKit" */,
			);
			productRefGroup = 14F1775924CB094B006463F2 /* Products */;
			projectDirPath = "";
			projectRoot = "";
			targets = (
				14F1775724CB094B006463F2 /* Wolf Treasure Adventure */,
				1434654824D3459500B12DA8 /* OneSignalNotificationServiceExtension */,
			);
		};
/* End PBXProject section */

/* Begin PBXResourcesBuildPhase section */
		1434654724D3459500B12DA8 /* Resources */ = {
			isa = PBXResourcesBuildPhase;
			buildActionMask = 2147483647;
			files = (
			);
			runOnlyForDeploymentPostprocessing = 0;
		};
		14F1775624CB094B006463F2 /* Resources */ = {
			isa = PBXResourcesBuildPhase;
			buildActionMask = 2147483647;
			files = (
				14F1778924CB0A7E006463F2 /* Particle@2x.png in Resources */,
				147DD8C124D31E3700FA7DD7 /* Level_9.json in Resources */,
				147DD8BD24D31E3700FA7DD7 /* Level_6.json in Resources */,
				14F1778D24CB0A7E006463F2 /* Slice.caf in Resources */,
				147DD8BE24D31E3700FA7DD7 /* Level_8.json in Resources */,
				14F1778E24CB0A7E006463F2 /* Splash.caf in Resources */,
				14F1776824CB094D006463F2 /* LaunchScreen.storyboard in Resources */,
				14C9A7B724D33D3C0076B695 /* WKweb.storyboard in Resources */,
				14F1778824CB0A7E006463F2 /* Particle.sks in Resources */,
				14C9A7B024D33D0A0076B695 /* no-internet-connection.json in Resources */,
				14F1776524CB094D006463F2 /* Assets.xcassets in Resources */,
				147DD8BC24D31E3700FA7DD7 /* Level_7.json in Resources */,
				14F1778F24CB0A7E006463F2 /* Level_1.json in Resources */,
				77E0563824D6FB3000F860BB /* Rain.sks in Resources */,
				147DD8C224D31E3700FA7DD7 /* Level_4.json in Resources */,
				147DD8C024D31E3700FA7DD7 /* Level_5.json in Resources */,
				142D3D8024D18FE000DB314A /* gradientMonoTone.fsh in Resources */,
				14F1778A24CB0A7E006463F2 /* Particle.png in Resources */,
				14F1778B24CB0A7E006463F2 /* CheeZeeJungle.caf in Resources */,
				14F1778C24CB0A7E006463F2 /* NomNom.caf in Resources */,
				14FEE46D24CB2D1F00C47B75 /* Level_3.json in Resources */,
				1434654424D344F400B12DA8 /* SecondNoInternetViewController.xib in Resources */,
				1434654324D344F400B12DA8 /* GIFViewController.xib in Resources */,
				14F1779A24CB192A006463F2 /* Level_2.json in Resources */,
				147DD8BF24D31E3700FA7DD7 /* Level_10.json in Resources */,
			);
			runOnlyForDeploymentPostprocessing = 0;
		};
/* End PBXResourcesBuildPhase section */

/* Begin PBXShellScriptBuildPhase section */
		6B427EC844B9589E04D9BC0C /* [CP] Check Pods Manifest.lock */ = {
			isa = PBXShellScriptBuildPhase;
			buildActionMask = 2147483647;
			files = (
			);
			inputFileListPaths = (
			);
			inputPaths = (
				"${PODS_PODFILE_DIR_PATH}/Podfile.lock",
				"${PODS_ROOT}/Manifest.lock",
			);
			name = "[CP] Check Pods Manifest.lock";
			outputFileListPaths = (
			);
			outputPaths = (
				"$(DERIVED_FILE_DIR)/Pods-OneSignalNotificationServiceExtension-checkManifestLockResult.txt",
			);
			runOnlyForDeploymentPostprocessing = 0;
			shellPath = /bin/sh;
			shellScript = "diff \"${PODS_PODFILE_DIR_PATH}/Podfile.lock\" \"${PODS_ROOT}/Manifest.lock\" > /dev/null\nif [ $? != 0 ] ; then\n    # print error to STDERR\n    echo \"error: The sandbox is not in sync with the Podfile.lock. Run 'pod install' or update your CocoaPods installation.\" >&2\n    exit 1\nfi\n# This output is used by Xcode 'outputs' to avoid re-running this script phase.\necho \"SUCCESS\" > \"${SCRIPT_OUTPUT_FILE_0}\"\n";
			showEnvVarsInLog = 0;
		};
		7936F8AB29F42B97B99344B4 /* [CP] Check Pods Manifest.lock */ = {
			isa = PBXShellScriptBuildPhase;
			buildActionMask = 2147483647;
			files = (
			);
			inputFileListPaths = (
			);
			inputPaths = (
				"${PODS_PODFILE_DIR_PATH}/Podfile.lock",
				"${PODS_ROOT}/Manifest.lock",
			);
			name = "[CP] Check Pods Manifest.lock";
			outputFileListPaths = (
			);
			outputPaths = (
				"$(DERIVED_FILE_DIR)/Pods-Wolf Treasure Adventure-checkManifestLockResult.txt",
			);
			runOnlyForDeploymentPostprocessing = 0;
			shellPath = /bin/sh;
			shellScript = "diff \"${PODS_PODFILE_DIR_PATH}/Podfile.lock\" \"${PODS_ROOT}/Manifest.lock\" > /dev/null\nif [ $? != 0 ] ; then\n    # print error to STDERR\n    echo \"error: The sandbox is not in sync with the Podfile.lock. Run 'pod install' or update your CocoaPods installation.\" >&2\n    exit 1\nfi\n# This output is used by Xcode 'outputs' to avoid re-running this script phase.\necho \"SUCCESS\" > \"${SCRIPT_OUTPUT_FILE_0}\"\n";
			showEnvVarsInLog = 0;
		};
/* End PBXShellScriptBuildPhase section */

/* Begin PBXSourcesBuildPhase section */
		1434654524D3459500B12DA8 /* Sources */ = {
			isa = PBXSourcesBuildPhase;
			buildActionMask = 2147483647;
			files = (
				1434654C24D3459500B12DA8 /* NotificationService.swift in Sources */,
			);
			runOnlyForDeploymentPostprocessing = 0;
		};
		14F1775424CB094B006463F2 /* Sources */ = {
			isa = PBXSourcesBuildPhase;
			buildActionMask = 2147483647;
			files = (
				14C9A7AE24D33CD50076B695 /* GIFViewController.swift in Sources */,
				14FEE49624CEB73000C47B75 /* GameSettingsScene.swift in Sources */,
				14DF6A6624D2A2B0009A5630 /* GameManager.swift in Sources */,
				14FEE49924CEBCB000C47B75 /* Infobar.swift in Sources */,
				14FEE49424CEB73000C47B75 /* WinLevelScene.swift in Sources */,
				14FEE49324CEB73000C47B75 /* TopScoreScene.swift in Sources */,
				14FEE47124CEAD8400C47B75 /* WelcomeViewController.swift in Sources */,
				14C9A7AC24D33CD50076B695 /* SecondNoInternetViewController.swift in Sources */,
				14FEE49524CEB73000C47B75 /* EndChapterScene.swift in Sources */,
				14FEE48024CEAE0C00C47B75 /* Extension+UIView.swift in Sources */,
				14FEE47D24CEAE0C00C47B75 /* Extensions+Game.swift in Sources */,
				14C9A7A624D33C8A0076B695 /* DifferentServices.swift in Sources */,
				14C9A7AD24D33CD50076B695 /* WebViewController.swift in Sources */,
				14FEE48724CEB16B00C47B75 /* SceneManager.swift in Sources */,
				776CFFCE24CCEA3A0007CF2C /* WoodNode.swift in Sources */,
				14F1777924CB0A5D006463F2 /* GameScene.swift in Sources */,
				14F1777A24CB0A5D006463F2 /* LevelData.swift in Sources */,
				14FEE48124CEAE0C00C47B75 /* Extension+WKWebView.swift in Sources */,
				14F1777824CB0A5D006463F2 /* GameViewController.swift in Sources */,
				14FEE48224CEAE0C00C47B75 /* ReachabilityObserverDelegate.swift in Sources */,
				14F1775C24CB094B006463F2 /* AppDelegate.swift in Sources */,
				14FEE47C24CEAE0C00C47B75 /* Extension+URL.swift in Sources */,
				14F1777624CB0A5D006463F2 /* VineNode.swift in Sources */,
				14FEE47B24CEAE0C00C47B75 /* Extension+DispatchQueue.swift in Sources */,
				14F1777724CB0A5D006463F2 /* Level.swift in Sources */,
				14FEE48924CEB22300C47B75 /* MainScene.swift in Sources */,
				14FEE48C24CEB63500C47B75 /* AudioVibroManager.swift in Sources */,
				14F1777524CB0A5D006463F2 /* Constants.swift in Sources */,
				14FEE47F24CEAE0C00C47B75 /* Extension+Collection.swift in Sources */,
			);
			runOnlyForDeploymentPostprocessing = 0;
		};
/* End PBXSourcesBuildPhase section */

/* Begin PBXTargetDependency section */
		1434654F24D3459500B12DA8 /* PBXTargetDependency */ = {
			isa = PBXTargetDependency;
			target = 1434654824D3459500B12DA8 /* OneSignalNotificationServiceExtension */;
			targetProxy = 1434654E24D3459500B12DA8 /* PBXContainerItemProxy */;
		};
/* End PBXTargetDependency section */

/* Begin PBXVariantGroup section */
		14F1776624CB094D006463F2 /* LaunchScreen.storyboard */ = {
			isa = PBXVariantGroup;
			children = (
				14F1776724CB094D006463F2 /* Base */,
			);
			name = LaunchScreen.storyboard;
			sourceTree = "<group>";
		};
/* End PBXVariantGroup section */

/* Begin XCBuildConfiguration section */
		1434655224D3459500B12DA8 /* Debug */ = {
			isa = XCBuildConfiguration;
			baseConfigurationReference = 46E3545895A3C0B58F180196 /* Pods-OneSignalNotificationServiceExtension.debug.xcconfig */;
			buildSettings = {
				CODE_SIGN_STYLE = Automatic;
				CURRENT_PROJECT_VERSION = 3;
				DEVELOPMENT_TEAM = 85254P39JJ;
				INFOPLIST_FILE = OneSignalNotificationServiceExtension/Info.plist;
				IPHONEOS_DEPLOYMENT_TARGET = 10.3;
				LD_RUNPATH_SEARCH_PATHS = (
					"$(inherited)",
					"@executable_path/Frameworks",
					"@executable_path/../../Frameworks",
				);
				MARKETING_VERSION = 1.0.1;
				PRODUCT_BUNDLE_IDENTIFIER = com.DenisMamonov.WolfTreasureAdventure.OneSignalNotificationServiceExtension;
				PRODUCT_NAME = "$(TARGET_NAME)";
				SKIP_INSTALL = YES;
				SWIFT_VERSION = 5.0;
				TARGETED_DEVICE_FAMILY = "1,2";
			};
			name = Debug;
		};
		1434655324D3459500B12DA8 /* Release */ = {
			isa = XCBuildConfiguration;
			baseConfigurationReference = 50B3F7F90645524B6F4FAD8B /* Pods-OneSignalNotificationServiceExtension.release.xcconfig */;
			buildSettings = {
				CODE_SIGN_STYLE = Automatic;
				CURRENT_PROJECT_VERSION = 3;
				DEVELOPMENT_TEAM = 85254P39JJ;
				INFOPLIST_FILE = OneSignalNotificationServiceExtension/Info.plist;
				IPHONEOS_DEPLOYMENT_TARGET = 10.3;
				LD_RUNPATH_SEARCH_PATHS = (
					"$(inherited)",
					"@executable_path/Frameworks",
					"@executable_path/../../Frameworks",
				);
				MARKETING_VERSION = 1.0.1;
				PRODUCT_BUNDLE_IDENTIFIER = com.DenisMamonov.WolfTreasureAdventure.OneSignalNotificationServiceExtension;
				PRODUCT_NAME = "$(TARGET_NAME)";
				SKIP_INSTALL = YES;
				SWIFT_VERSION = 5.0;
				TARGETED_DEVICE_FAMILY = "1,2";
			};
			name = Release;
		};
		14F1776A24CB094D006463F2 /* Debug */ = {
			isa = XCBuildConfiguration;
			buildSettings = {
				ALWAYS_SEARCH_USER_PATHS = NO;
				CLANG_ANALYZER_NONNULL = YES;
				CLANG_ANALYZER_NUMBER_OBJECT_CONVERSION = YES_AGGRESSIVE;
				CLANG_CXX_LANGUAGE_STANDARD = "gnu++14";
				CLANG_CXX_LIBRARY = "libc++";
				CLANG_ENABLE_MODULES = YES;
				CLANG_ENABLE_OBJC_ARC = YES;
				CLANG_ENABLE_OBJC_WEAK = YES;
				CLANG_WARN_BLOCK_CAPTURE_AUTORELEASING = YES;
				CLANG_WARN_BOOL_CONVERSION = YES;
				CLANG_WARN_COMMA = YES;
				CLANG_WARN_CONSTANT_CONVERSION = YES;
				CLANG_WARN_DEPRECATED_OBJC_IMPLEMENTATIONS = YES;
				CLANG_WARN_DIRECT_OBJC_ISA_USAGE = YES_ERROR;
				CLANG_WARN_DOCUMENTATION_COMMENTS = YES;
				CLANG_WARN_EMPTY_BODY = YES;
				CLANG_WARN_ENUM_CONVERSION = YES;
				CLANG_WARN_INFINITE_RECURSION = YES;
				CLANG_WARN_INT_CONVERSION = YES;
				CLANG_WARN_NON_LITERAL_NULL_CONVERSION = YES;
				CLANG_WARN_OBJC_IMPLICIT_RETAIN_SELF = YES;
				CLANG_WARN_OBJC_LITERAL_CONVERSION = YES;
				CLANG_WARN_OBJC_ROOT_CLASS = YES_ERROR;
				CLANG_WARN_RANGE_LOOP_ANALYSIS = YES;
				CLANG_WARN_STRICT_PROTOTYPES = YES;
				CLANG_WARN_SUSPICIOUS_MOVE = YES;
				CLANG_WARN_UNGUARDED_AVAILABILITY = YES_AGGRESSIVE;
				CLANG_WARN_UNREACHABLE_CODE = YES;
				CLANG_WARN__DUPLICATE_METHOD_MATCH = YES;
				COPY_PHASE_STRIP = NO;
				DEBUG_INFORMATION_FORMAT = dwarf;
				ENABLE_STRICT_OBJC_MSGSEND = YES;
				ENABLE_TESTABILITY = YES;
				GCC_C_LANGUAGE_STANDARD = gnu11;
				GCC_DYNAMIC_NO_PIC = NO;
				GCC_NO_COMMON_BLOCKS = YES;
				GCC_OPTIMIZATION_LEVEL = 0;
				GCC_PREPROCESSOR_DEFINITIONS = (
					"DEBUG=1",
					"$(inherited)",
				);
				GCC_WARN_64_TO_32_BIT_CONVERSION = YES;
				GCC_WARN_ABOUT_RETURN_TYPE = YES_ERROR;
				GCC_WARN_UNDECLARED_SELECTOR = YES;
				GCC_WARN_UNINITIALIZED_AUTOS = YES_AGGRESSIVE;
				GCC_WARN_UNUSED_FUNCTION = YES;
				GCC_WARN_UNUSED_VARIABLE = YES;
				IPHONEOS_DEPLOYMENT_TARGET = 10.3;
				MTL_ENABLE_DEBUG_INFO = INCLUDE_SOURCE;
				MTL_FAST_MATH = YES;
				ONLY_ACTIVE_ARCH = YES;
				SDKROOT = iphoneos;
				SWIFT_ACTIVE_COMPILATION_CONDITIONS = DEBUG;
				SWIFT_OPTIMIZATION_LEVEL = "-Onone";
			};
			name = Debug;
		};
		14F1776B24CB094D006463F2 /* Release */ = {
			isa = XCBuildConfiguration;
			buildSettings = {
				ALWAYS_SEARCH_USER_PATHS = NO;
				CLANG_ANALYZER_NONNULL = YES;
				CLANG_ANALYZER_NUMBER_OBJECT_CONVERSION = YES_AGGRESSIVE;
				CLANG_CXX_LANGUAGE_STANDARD = "gnu++14";
				CLANG_CXX_LIBRARY = "libc++";
				CLANG_ENABLE_MODULES = YES;
				CLANG_ENABLE_OBJC_ARC = YES;
				CLANG_ENABLE_OBJC_WEAK = YES;
				CLANG_WARN_BLOCK_CAPTURE_AUTORELEASING = YES;
				CLANG_WARN_BOOL_CONVERSION = YES;
				CLANG_WARN_COMMA = YES;
				CLANG_WARN_CONSTANT_CONVERSION = YES;
				CLANG_WARN_DEPRECATED_OBJC_IMPLEMENTATIONS = YES;
				CLANG_WARN_DIRECT_OBJC_ISA_USAGE = YES_ERROR;
				CLANG_WARN_DOCUMENTATION_COMMENTS = YES;
				CLANG_WARN_EMPTY_BODY = YES;
				CLANG_WARN_ENUM_CONVERSION = YES;
				CLANG_WARN_INFINITE_RECURSION = YES;
				CLANG_WARN_INT_CONVERSION = YES;
				CLANG_WARN_NON_LITERAL_NULL_CONVERSION = YES;
				CLANG_WARN_OBJC_IMPLICIT_RETAIN_SELF = YES;
				CLANG_WARN_OBJC_LITERAL_CONVERSION = YES;
				CLANG_WARN_OBJC_ROOT_CLASS = YES_ERROR;
				CLANG_WARN_RANGE_LOOP_ANALYSIS = YES;
				CLANG_WARN_STRICT_PROTOTYPES = YES;
				CLANG_WARN_SUSPICIOUS_MOVE = YES;
				CLANG_WARN_UNGUARDED_AVAILABILITY = YES_AGGRESSIVE;
				CLANG_WARN_UNREACHABLE_CODE = YES;
				CLANG_WARN__DUPLICATE_METHOD_MATCH = YES;
				COPY_PHASE_STRIP = NO;
				DEBUG_INFORMATION_FORMAT = "dwarf-with-dsym";
				ENABLE_NS_ASSERTIONS = NO;
				ENABLE_STRICT_OBJC_MSGSEND = YES;
				GCC_C_LANGUAGE_STANDARD = gnu11;
				GCC_NO_COMMON_BLOCKS = YES;
				GCC_WARN_64_TO_32_BIT_CONVERSION = YES;
				GCC_WARN_ABOUT_RETURN_TYPE = YES_ERROR;
				GCC_WARN_UNDECLARED_SELECTOR = YES;
				GCC_WARN_UNINITIALIZED_AUTOS = YES_AGGRESSIVE;
				GCC_WARN_UNUSED_FUNCTION = YES;
				GCC_WARN_UNUSED_VARIABLE = YES;
				IPHONEOS_DEPLOYMENT_TARGET = 10.3;
				MTL_ENABLE_DEBUG_INFO = NO;
				MTL_FAST_MATH = YES;
				SDKROOT = iphoneos;
				SWIFT_COMPILATION_MODE = wholemodule;
				SWIFT_OPTIMIZATION_LEVEL = "-O";
				VALIDATE_PRODUCT = YES;
			};
			name = Release;
		};
		14F1776D24CB094D006463F2 /* Debug */ = {
			isa = XCBuildConfiguration;
			baseConfigurationReference = AEEE514FC5EFBC9BDDDA8EB8 /* Pods-Wolf Treasure Adventure.debug.xcconfig */;
			buildSettings = {
				ALWAYS_EMBED_SWIFT_STANDARD_LIBRARIES = YES;
				ASSETCATALOG_COMPILER_APPICON_NAME = AppIcon;
				CODE_SIGN_ENTITLEMENTS = "Wolf Treasure Adventure/Wolf Treasure Adventure.entitlements";
				CODE_SIGN_STYLE = Automatic;
				CURRENT_PROJECT_VERSION = 3;
				DEVELOPMENT_TEAM = 85254P39JJ;
				INFOPLIST_FILE = "Wolf Treasure Adventure/Info.plist";
				IPHONEOS_DEPLOYMENT_TARGET = 10.3;
				LD_RUNPATH_SEARCH_PATHS = (
					"$(inherited)",
					"@executable_path/Frameworks",
				);
				MARKETING_VERSION = 1.0.1;
				PRODUCT_BUNDLE_IDENTIFIER = com.DenisMamonov.WolfTreasureAdventure;
				PRODUCT_NAME = "$(TARGET_NAME)";
				SWIFT_VERSION = 5.0;
				TARGETED_DEVICE_FAMILY = 1;
			};
			name = Debug;
		};
		14F1776E24CB094D006463F2 /* Release */ = {
			isa = XCBuildConfiguration;
			baseConfigurationReference = 7A3137E08D9197848BCEB45A /* Pods-Wolf Treasure Adventure.release.xcconfig */;
			buildSettings = {
				ALWAYS_EMBED_SWIFT_STANDARD_LIBRARIES = YES;
				ASSETCATALOG_COMPILER_APPICON_NAME = AppIcon;
				CODE_SIGN_ENTITLEMENTS = "Wolf Treasure Adventure/Wolf Treasure Adventure.entitlements";
				CODE_SIGN_STYLE = Automatic;
				CURRENT_PROJECT_VERSION = 3;
				DEVELOPMENT_TEAM = 85254P39JJ;
				INFOPLIST_FILE = "Wolf Treasure Adventure/Info.plist";
				IPHONEOS_DEPLOYMENT_TARGET = 10.3;
				LD_RUNPATH_SEARCH_PATHS = (
					"$(inherited)",
					"@executable_path/Frameworks",
				);
				MARKETING_VERSION = 1.0.1;
				PRODUCT_BUNDLE_IDENTIFIER = com.DenisMamonov.WolfTreasureAdventure;
				PRODUCT_NAME = "$(TARGET_NAME)";
				SWIFT_VERSION = 5.0;
				TARGETED_DEVICE_FAMILY = 1;
			};
			name = Release;
		};
/* End XCBuildConfiguration section */

/* Begin XCConfigurationList section */
		1434655124D3459500B12DA8 /* Build configuration list for PBXNativeTarget "OneSignalNotificationServiceExtension" */ = {
			isa = XCConfigurationList;
			buildConfigurations = (
				1434655224D3459500B12DA8 /* Debug */,
				1434655324D3459500B12DA8 /* Release */,
			);
			defaultConfigurationIsVisible = 0;
			defaultConfigurationName = Release;
		};
		14F1775324CB094B006463F2 /* Build configuration list for PBXProject "Wolf Treasure Adventure" */ = {
			isa = XCConfigurationList;
			buildConfigurations = (
				14F1776A24CB094D006463F2 /* Debug */,
				14F1776B24CB094D006463F2 /* Release */,
			);
			defaultConfigurationIsVisible = 0;
			defaultConfigurationName = Release;
		};
		14F1776C24CB094D006463F2 /* Build configuration list for PBXNativeTarget "Wolf Treasure Adventure" */ = {
			isa = XCConfigurationList;
			buildConfigurations = (
				14F1776D24CB094D006463F2 /* Debug */,
				14F1776E24CB094D006463F2 /* Release */,
			);
			defaultConfigurationIsVisible = 0;
			defaultConfigurationName = Release;
		};
/* End XCConfigurationList section */

/* Begin XCRemoteSwiftPackageReference section */
		14239C8724D3395C0007926D /* XCRemoteSwiftPackageReference "facebook-ios-sdk" */ = {
			isa = XCRemoteSwiftPackageReference;
			repositoryURL = "https://github.com/facebook/facebook-ios-sdk";
			requirement = {
				kind = upToNextMajorVersion;
				minimumVersion = 7.1.1;
			};
		};
		144D580624D40CAF0098E1D7 /* XCRemoteSwiftPackageReference "DeviceKit" */ = {
			isa = XCRemoteSwiftPackageReference;
			repositoryURL = "https://github.com/devicekit/DeviceKit";
			requirement = {
				kind = upToNextMajorVersion;
				minimumVersion = 3.2.0;
			};
		};
		147DD8C324D338EE00FA7DD7 /* XCRemoteSwiftPackageReference "lottie-ios" */ = {
			isa = XCRemoteSwiftPackageReference;
			repositoryURL = "https://github.com/airbnb/lottie-ios";
			requirement = {
				kind = upToNextMajorVersion;
				minimumVersion = 3.1.8;
			};
		};
		14FEE48324CEB01D00C47B75 /* XCRemoteSwiftPackageReference "Reachability" */ = {
			isa = XCRemoteSwiftPackageReference;
			repositoryURL = "https://github.com/ashleymills/Reachability.swift/";
			requirement = {
				kind = upToNextMajorVersion;
				minimumVersion = 5.0.0;
			};
		};
/* End XCRemoteSwiftPackageReference section */

/* Begin XCSwiftPackageProductDependency section */
		14239C8824D3395C0007926D /* FacebookCore */ = {
			isa = XCSwiftPackageProductDependency;
			package = 14239C8724D3395C0007926D /* XCRemoteSwiftPackageReference "facebook-ios-sdk" */;
			productName = FacebookCore;
		};
		144D580724D40CAF0098E1D7 /* DeviceKit */ = {
			isa = XCSwiftPackageProductDependency;
			package = 144D580624D40CAF0098E1D7 /* XCRemoteSwiftPackageReference "DeviceKit" */;
			productName = DeviceKit;
		};
		147DD8C424D338EE00FA7DD7 /* Lottie */ = {
			isa = XCSwiftPackageProductDependency;
			package = 147DD8C324D338EE00FA7DD7 /* XCRemoteSwiftPackageReference "lottie-ios" */;
			productName = Lottie;
		};
		14FEE48424CEB01D00C47B75 /* Reachability */ = {
			isa = XCSwiftPackageProductDependency;
			package = 14FEE48324CEB01D00C47B75 /* XCRemoteSwiftPackageReference "Reachability" */;
			productName = Reachability;
		};
/* End XCSwiftPackageProductDependency section */
	};
	rootObject = 14F1775024CB094B006463F2 /* Project object */;
}
